
Microsoft Visual Studio Solution File, Format Version 12.00
# Visual Studio Version 17
VisualStudioVersion = 17.8.33909.54
MinimumVisualStudioVersion = 10.0.40219.1
Project("{9A19103F-16F7-4668-BE54-9A1E7A4F7556}") = "OTLPView", "OTLPView.csproj", "{21AC8D4A-7E6E-47D1-BF3B-8E2C2B7642C3}"
EndProject
Project("{FAE04EC0-301F-11D3-BF4B-00C04F79EFBC}") = "ConsoleApp1", "..\ConsoleApp1\ConsoleApp1.csproj", "{5EE7892E-07C1-4A25-95A2-7A4465D4EE1D}"
EndProject
Global
	GlobalSection(SolutionConfigurationPlatforms) = preSolution
		Debug|Any CPU = Debug|Any CPU
		Release|Any CPU = Release|Any CPU
	EndGlobalSection
	GlobalSection(ProjectConfigurationPlatforms) = postSolution
		{21AC8D4A-7E6E-47D1-BF3B-8E2C2B7642C3}.Debug|Any CPU.ActiveCfg = Debug|Any CPU
		{21AC8D4A-7E6E-47D1-BF3B-8E2C2B7642C3}.Debug|Any CPU.Build.0 = Debug|Any CPU
		{21AC8D4A-7E6E-47D1-BF3B-8E2C2B7642C3}.Release|Any CPU.ActiveCfg = Release|Any CPU
		{21AC8D4A-7E6E-47D1-BF3B-8E2C2B7642C3}.Release|Any CPU.Build.0 = Release|Any CPU
		{5EE7892E-07C1-4A25-95A2-7A4465D4EE1D}.Debug|Any CPU.ActiveCfg = Debug|Any CPU
		{5EE7892E-07C1-4A25-95A2-7A4465D4EE1D}.Debug|Any CPU.Build.0 = Debug|Any CPU
		{5EE7892E-07C1-4A25-95A2-7A4465D4EE1D}.Release|Any CPU.ActiveCfg = Release|Any CPU
		{5EE7892E-07C1-4A25-95A2-7A4465D4EE1D}.Release|Any CPU.Build.0 = Release|Any CPU
	EndGlobalSection
	GlobalSection(SolutionProperties) = preSolution
		HideSolutionNode = FALSE
	EndGlobalSection
	GlobalSection(ExtensibilityGlobals) = postSolution
		SolutionGuid = {C4259FBE-83A0-4C2E-95BD-E4B820319EB5}
	EndGlobalSection
EndGlobal
