
Microsoft Visual Studio Solution File, Format Version 12.00
# Visual Studio Version 17
VisualStudioVersion = 17.8.34027.56
MinimumVisualStudioVersion = 10.0.40219.1
Project("{9A19103F-16F7-4668-BE54-9A1E7A4F7556}") = "OTLPView", "OTLPView\OTLPView.csproj", "{9A410B98-47F0-4527-AABA-FC54535337CA}"
EndProject
Project("{9A19103F-16F7-4668-BE54-9A1E7A4F7556}") = "OtelTestService", "TestService\OtelTestService.csproj", "{7A826CA0-C2D2-40A6-BEA0-B0D2D3D0D3C1}"
EndProject
Project("{2150E333-8FDC-42A3-9474-1A3956D46DE8}") = "SolutionItems", "SolutionItems", "{86DC89AA-5126-4CFA-8F9E-D5DA0FFEDC3F}"
	ProjectSection(SolutionItems) = preProject
		Test.cmd = Test.cmd
	EndProjectSection
EndProject
Global
	GlobalSection(SolutionConfigurationPlatforms) = preSolution
		Debug|Any CPU = Debug|Any CPU
		Release|Any CPU = Release|Any CPU
	EndGlobalSection
	GlobalSection(ProjectConfigurationPlatforms) = postSolution
		{9A410B98-47F0-4527-AABA-FC54535337CA}.Debug|Any CPU.ActiveCfg = Debug|Any CPU
		{9A410B98-47F0-4527-AABA-FC54535337CA}.Debug|Any CPU.Build.0 = Debug|Any CPU
		{9A410B98-47F0-4527-AABA-FC54535337CA}.Release|Any CPU.ActiveCfg = Release|Any CPU
		{9A410B98-47F0-4527-AABA-FC54535337CA}.Release|Any CPU.Build.0 = Release|Any CPU
		{7A826CA0-C2D2-40A6-BEA0-B0D2D3D0D3C1}.Debug|Any CPU.ActiveCfg = Debug|Any CPU
		{7A826CA0-C2D2-40A6-BEA0-B0D2D3D0D3C1}.Debug|Any CPU.Build.0 = Debug|Any CPU
		{7A826CA0-C2D2-40A6-BEA0-B0D2D3D0D3C1}.Release|Any CPU.ActiveCfg = Release|Any CPU
		{7A826CA0-C2D2-40A6-BEA0-B0D2D3D0D3C1}.Release|Any CPU.Build.0 = Release|Any CPU
	EndGlobalSection
	GlobalSection(SolutionProperties) = preSolution
		HideSolutionNode = FALSE
	EndGlobalSection
	GlobalSection(ExtensibilityGlobals) = postSolution
		SolutionGuid = {13908D8F-8AE5-4B18-8334-6E9D3D72BE8A}
	EndGlobalSection
EndGlobal
